// !$*UTF8*$!
{
	archiveVersion = 1;
	classes = {
	};
	objectVersion = 56;
	objects = {

/* Begin PBXFileReference section */
		06A087CC2AE2B4D600A1A6FA /* algorithm_test.cpp */ = {isa = PBXFileReference; lastKnownFileType = sourcecode.cpp.cpp; path = algorithm_test.cpp; sourceTree = "<group>"; };
		06A087CD2AE2B4D600A1A6FA /* algorithm_test.hpp */ = {isa = PBXFileReference; lastKnownFileType = sourcecode.cpp.h; path = algorithm_test.hpp; sourceTree = "<group>"; };
/* End PBXFileReference section */

/* Begin PBXGroup section */
		06A087C32AE2B49900A1A6FA = {
			isa = PBXGroup;
			children = (
				06A087CC2AE2B4D600A1A6FA /* algorithm_test.cpp */,
				06A087CD2AE2B4D600A1A6FA /* algorithm_test.hpp */,
			);
			sourceTree = "<group>";
		};
/* End PBXGroup section */

/* Begin PBXProject section */
		06A087C42AE2B49900A1A6FA /* Project object */ = {
			isa = PBXProject;
			attributes = {
				BuildIndependentTargetsInParallel = 1;
				LastUpgradeCheck = 1500;
			};
			buildConfigurationList = 06A087C72AE2B49900A1A6FA /* Build configuration list for PBXProject "C" */;
			compatibilityVersion = "Xcode 14.0";
			developmentRegion = en;
			hasScannedForEncodings = 0;
			knownRegions = (
				en,
				Base,
			);
			mainGroup = 06A087C32AE2B49900A1A6FA;
			projectDirPath = "";
			projectRoot = "";
			targets = (
			);
		};
/* End PBXProject section */

/* Begin XCBuildConfiguration section */
		06A087C82AE2B49900A1A6FA /* Debug */ = {
			isa = XCBuildConfiguration;
			buildSettings = {
			};
			name = Debug;
		};
		06A087C92AE2B49900A1A6FA /* Release */ = {
			isa = XCBuildConfiguration;
			buildSettings = {
			};
			name = Release;
		};
/* End XCBuildConfiguration section */

/* Begin XCConfigurationList section */
		06A087C72AE2B49900A1A6FA /* Build configuration list for PBXProject "C" */ = {
			isa = XCConfigurationList;
			buildConfigurations = (
				06A087C82AE2B49900A1A6FA /* Debug */,
				06A087C92AE2B49900A1A6FA /* Release */,
			);
			defaultConfigurationIsVisible = 0;
			defaultConfigurationName = Release;
		};
/* End XCConfigurationList section */
	};
	rootObject = 06A087C42AE2B49900A1A6FA /* Project object */;
}
